
Microsoft Visual Studio Solution File, Format Version 12.00
# Visual Studio Version 17
VisualStudioVersion = 17.1.32414.318
MinimumVisualStudioVersion = 10.0.40219.1
Project("{FAE04EC0-301F-11D3-BF4B-00C04F79EFBC}") = "Gestión de Recursos Tecnológicos", "Gestión de Recursos Tecnológicos.csproj", "{BE5618CC-84DA-45EA-A601-641EEF623474}"
EndProject
Global
	GlobalSection(SolutionConfigurationPlatforms) = preSolution
		Debug|Any CPU = Debug|Any CPU
		Release|Any CPU = Release|Any CPU
	EndGlobalSection
	GlobalSection(ProjectConfigurationPlatforms) = postSolution
		{BE5618CC-84DA-45EA-A601-641EEF623474}.Debug|Any CPU.ActiveCfg = Debug|Any CPU
		{BE5618CC-84DA-45EA-A601-641EEF623474}.Debug|Any CPU.Build.0 = Debug|Any CPU
		{BE5618CC-84DA-45EA-A601-641EEF623474}.Release|Any CPU.ActiveCfg = Release|Any CPU
		{BE5618CC-84DA-45EA-A601-641EEF623474}.Release|Any CPU.Build.0 = Release|Any CPU
	EndGlobalSection
	GlobalSection(SolutionProperties) = preSolution
		HideSolutionNode = FALSE
	EndGlobalSection
	GlobalSection(ExtensibilityGlobals) = postSolution
		SolutionGuid = {A22EF282-4179-4F58-884F-C21BC6068E4A}
	EndGlobalSection
EndGlobal
